
Microsoft Visual Studio Solution File, Format Version 12.00
# Visual Studio Version 17
VisualStudioVersion = 17.7.34024.191
MinimumVisualStudioVersion = 10.0.40219.1
Project("{888888A0-9F3D-457C-B088-3A5042F75D52}") = "Course2", "Course2.pyproj", "{9F3D53A9-0F27-403F-A6A7-05B153EEDA34}"
EndProject
Global
	GlobalSection(SolutionConfigurationPlatforms) = preSolution
		Debug|Any CPU = Debug|Any CPU
		Release|Any CPU = Release|Any CPU
	EndGlobalSection
	GlobalSection(ProjectConfigurationPlatforms) = postSolution
		{9F3D53A9-0F27-403F-A6A7-05B153EEDA34}.Debug|Any CPU.ActiveCfg = Debug|Any CPU
		{9F3D53A9-0F27-403F-A6A7-05B153EEDA34}.Release|Any CPU.ActiveCfg = Release|Any CPU
	EndGlobalSection
	GlobalSection(SolutionProperties) = preSolution
		HideSolutionNode = FALSE
	EndGlobalSection
	GlobalSection(ExtensibilityGlobals) = postSolution
		SolutionGuid = {A47366BD-3D59-46B0-B93C-BAF7D0C77924}
	EndGlobalSection
EndGlobal
